
Microsoft Visual Studio Solution File, Format Version 12.00
# Visual Studio Version 17
VisualStudioVersion = 17.5.002.0
MinimumVisualStudioVersion = 10.0.40219.1
Project("{2150E333-8FDC-42A3-9474-1A3956D46DE8}") = "2°Modulo", "2°Modulo", "{120997D9-127A-4414-8D9C-56CB0B02A4FA}"
EndProject
Project("{2150E333-8FDC-42A3-9474-1A3956D46DE8}") = "C#", "C#", "{35B057B6-C04C-4461-9C88-769E5D02D856}"
EndProject
Project("{9A19103F-16F7-4668-BE54-9A1E7A4F7556}") = "Aula1", "2°Modulo\C#\Aula1\Aula1.csproj", "{AC3604E7-92E4-48ED-A0B1-FA3A914496F1}"
EndProject
Global
	GlobalSection(SolutionConfigurationPlatforms) = preSolution
		Debug|Any CPU = Debug|Any CPU
		Release|Any CPU = Release|Any CPU
	EndGlobalSection
	GlobalSection(ProjectConfigurationPlatforms) = postSolution
		{AC3604E7-92E4-48ED-A0B1-FA3A914496F1}.Debug|Any CPU.ActiveCfg = Debug|Any CPU
		{AC3604E7-92E4-48ED-A0B1-FA3A914496F1}.Debug|Any CPU.Build.0 = Debug|Any CPU
		{AC3604E7-92E4-48ED-A0B1-FA3A914496F1}.Release|Any CPU.ActiveCfg = Release|Any CPU
		{AC3604E7-92E4-48ED-A0B1-FA3A914496F1}.Release|Any CPU.Build.0 = Release|Any CPU
	EndGlobalSection
	GlobalSection(SolutionProperties) = preSolution
		HideSolutionNode = FALSE
	EndGlobalSection
	GlobalSection(NestedProjects) = preSolution
		{35B057B6-C04C-4461-9C88-769E5D02D856} = {120997D9-127A-4414-8D9C-56CB0B02A4FA}
		{AC3604E7-92E4-48ED-A0B1-FA3A914496F1} = {35B057B6-C04C-4461-9C88-769E5D02D856}
	EndGlobalSection
	GlobalSection(ExtensibilityGlobals) = postSolution
		SolutionGuid = {6A578D6E-FDDB-4821-9EC0-944F878B82AC}
	EndGlobalSection
EndGlobal
